Microsoft Visual Studio Solution File, Format Version 12.00
# Visual Studio Version 17
VisualStudioVersion = 17.5.2.0
MinimumVisualStudioVersion = 10.0.40219.1
Project("{FAE04EC0-301F-11D3-BF4B-00C04F79EFBC}") = "IhopSeleniumTests", "IhopSeleniumTests.csproj", "{63D468D5-AF93-24A4-AA2A-69E50307B3DB}"
EndProject
Global
	GlobalSection(SolutionConfigurationPlatforms) = preSolution
		Debug|Any CPU = Debug|Any CPU
		Release|Any CPU = Release|Any CPU
	EndGlobalSection
	GlobalSection(ProjectConfigurationPlatforms) = postSolution
		{63D468D5-AF93-24A4-AA2A-69E50307B3DB}.Debug|Any CPU.ActiveCfg = Debug|Any CPU
		{63D468D5-AF93-24A4-AA2A-69E50307B3DB}.Debug|Any CPU.Build.0 = Debug|Any CPU
		{63D468D5-AF93-24A4-AA2A-69E50307B3DB}.Release|Any CPU.ActiveCfg = Release|Any CPU
		{63D468D5-AF93-24A4-AA2A-69E50307B3DB}.Release|Any CPU.Build.0 = Release|Any CPU
	EndGlobalSection
	GlobalSection(SolutionProperties) = preSolution
		HideSolutionNode = FALSE
	EndGlobalSection
	GlobalSection(ExtensibilityGlobals) = postSolution
		SolutionGuid = {02D26C30-311D-41B8-B98F-50DFF3A0D261}
	EndGlobalSection
EndGlobal
